
Microsoft Visual Studio Solution File, Format Version 12.00
# Visual Studio 2012
Project("{FAE04EC0-301F-11D3-BF4B-00C04F79EFBC}") = "Sygl", "Sygl\Sygl.csproj", "{597FB625-EDA0-442A-A090-BB84E0FFB429}"
EndProject
Project("{FAE04EC0-301F-11D3-BF4B-00C04F79EFBC}") = "SyglService", "SyglService\SyglService.csproj", "{15B3E0D2-6217-493A-A690-158C497F5318}"
EndProject
Project("{FAE04EC0-301F-11D3-BF4B-00C04F79EFBC}") = "SyglHost", "SyglHost\SyglHost.csproj", "{92AFB629-8FB7-46D2-A63D-E5D558E08B51}"
EndProject
Project("{FAE04EC0-301F-11D3-BF4B-00C04F79EFBC}") = "JszxDataModel", "JszxDataModel\JszxDataModel.csproj", "{69BFB135-DA69-4FBA-AA05-0A402F245359}"
EndProject
Project("{FAE04EC0-301F-11D3-BF4B-00C04F79EFBC}") = "SyglService.Interface", "SyglService.Interface\SyglService.Interface.csproj", "{7C98525B-DE76-4158-AFD5-9464ABA500AB}"
EndProject
Project("{FAE04EC0-301F-11D3-BF4B-00C04F79EFBC}") = "JszxService", "jszxService\JszxService.csproj", "{46C7BA84-020E-4B42-B56A-C8998996FF96}"
EndProject
Project("{FAE04EC0-301F-11D3-BF4B-00C04F79EFBC}") = "JszxConsoleService", "JszxConsoleService\JszxConsoleService.csproj", "{A66AD035-B3FE-40F9-9D31-EE245C793FCB}"
EndProject
Project("{FAE04EC0-301F-11D3-BF4B-00C04F79EFBC}") = "SyglStartConsole", "SyglStartConsole\SyglStartConsole.csproj", "{BD66C9DC-1DEA-413B-8500-0CEBAF300168}"
EndProject
Global
	GlobalSection(SolutionConfigurationPlatforms) = preSolution
		Debug|Any CPU = Debug|Any CPU
		Release|Any CPU = Release|Any CPU
	EndGlobalSection
	GlobalSection(ProjectConfigurationPlatforms) = postSolution
		{597FB625-EDA0-442A-A090-BB84E0FFB429}.Debug|Any CPU.ActiveCfg = Debug|Any CPU
		{597FB625-EDA0-442A-A090-BB84E0FFB429}.Debug|Any CPU.Build.0 = Debug|Any CPU
		{597FB625-EDA0-442A-A090-BB84E0FFB429}.Release|Any CPU.ActiveCfg = Release|Any CPU
		{597FB625-EDA0-442A-A090-BB84E0FFB429}.Release|Any CPU.Build.0 = Release|Any CPU
		{15B3E0D2-6217-493A-A690-158C497F5318}.Debug|Any CPU.ActiveCfg = Debug|Any CPU
		{15B3E0D2-6217-493A-A690-158C497F5318}.Debug|Any CPU.Build.0 = Debug|Any CPU
		{15B3E0D2-6217-493A-A690-158C497F5318}.Release|Any CPU.ActiveCfg = Release|Any CPU
		{15B3E0D2-6217-493A-A690-158C497F5318}.Release|Any CPU.Build.0 = Release|Any CPU
		{92AFB629-8FB7-46D2-A63D-E5D558E08B51}.Debug|Any CPU.ActiveCfg = Debug|x86
		{92AFB629-8FB7-46D2-A63D-E5D558E08B51}.Debug|Any CPU.Build.0 = Debug|x86
		{92AFB629-8FB7-46D2-A63D-E5D558E08B51}.Release|Any CPU.ActiveCfg = Release|Any CPU
		{92AFB629-8FB7-46D2-A63D-E5D558E08B51}.Release|Any CPU.Build.0 = Release|Any CPU
		{69BFB135-DA69-4FBA-AA05-0A402F245359}.Debug|Any CPU.ActiveCfg = Debug|Any CPU
		{69BFB135-DA69-4FBA-AA05-0A402F245359}.Debug|Any CPU.Build.0 = Debug|Any CPU
		{69BFB135-DA69-4FBA-AA05-0A402F245359}.Release|Any CPU.ActiveCfg = Release|Any CPU
		{69BFB135-DA69-4FBA-AA05-0A402F245359}.Release|Any CPU.Build.0 = Release|Any CPU
		{7C98525B-DE76-4158-AFD5-9464ABA500AB}.Debug|Any CPU.ActiveCfg = Debug|Any CPU
		{7C98525B-DE76-4158-AFD5-9464ABA500AB}.Debug|Any CPU.Build.0 = Debug|Any CPU
		{7C98525B-DE76-4158-AFD5-9464ABA500AB}.Release|Any CPU.ActiveCfg = Release|Any CPU
		{7C98525B-DE76-4158-AFD5-9464ABA500AB}.Release|Any CPU.Build.0 = Release|Any CPU
		{46C7BA84-020E-4B42-B56A-C8998996FF96}.Debug|Any CPU.ActiveCfg = Debug|Any CPU
		{46C7BA84-020E-4B42-B56A-C8998996FF96}.Debug|Any CPU.Build.0 = Debug|Any CPU
		{46C7BA84-020E-4B42-B56A-C8998996FF96}.Release|Any CPU.ActiveCfg = Release|Any CPU
		{46C7BA84-020E-4B42-B56A-C8998996FF96}.Release|Any CPU.Build.0 = Release|Any CPU
		{A66AD035-B3FE-40F9-9D31-EE245C793FCB}.Debug|Any CPU.ActiveCfg = Debug|Any CPU
		{A66AD035-B3FE-40F9-9D31-EE245C793FCB}.Debug|Any CPU.Build.0 = Debug|Any CPU
		{A66AD035-B3FE-40F9-9D31-EE245C793FCB}.Release|Any CPU.ActiveCfg = Release|Any CPU
		{A66AD035-B3FE-40F9-9D31-EE245C793FCB}.Release|Any CPU.Build.0 = Release|Any CPU
		{BD66C9DC-1DEA-413B-8500-0CEBAF300168}.Debug|Any CPU.ActiveCfg = Debug|Any CPU
		{BD66C9DC-1DEA-413B-8500-0CEBAF300168}.Debug|Any CPU.Build.0 = Debug|Any CPU
		{BD66C9DC-1DEA-413B-8500-0CEBAF300168}.Release|Any CPU.ActiveCfg = Release|Any CPU
		{BD66C9DC-1DEA-413B-8500-0CEBAF300168}.Release|Any CPU.Build.0 = Release|Any CPU
	EndGlobalSection
	GlobalSection(SolutionProperties) = preSolution
		HideSolutionNode = FALSE
	EndGlobalSection
EndGlobal
